
Microsoft Visual Studio Solution File, Format Version 12.00
# Visual Studio Version 17
VisualStudioVersion = 17.0.31903.59
MinimumVisualStudioVersion = 10.0.40219.1
Project("{9A19103F-16F7-4668-BE54-9A1E7A4F7556}") = "Domain", "Domain\Domain.csproj", "{077698D6-F325-43D4-9C32-6D5F87283C33}"
EndProject
Project("{9A19103F-16F7-4668-BE54-9A1E7A4F7556}") = "Application", "Application\Application.csproj", "{7721DC61-0D5F-4443-BF29-D6A771F30CD3}"
EndProject
Project("{9A19103F-16F7-4668-BE54-9A1E7A4F7556}") = "WebApp", "WebApp\WebApp.csproj", "{71FEC0EE-7171-4339-8A74-DE2ECAB57AD4}"
EndProject
Project("{9A19103F-16F7-4668-BE54-9A1E7A4F7556}") = "Infrastructure", "Infrastructure\Infrastructure.csproj", "{87C2892D-87DA-489E-8F01-050CAB2FAAD4}"
EndProject
Project("{9A19103F-16F7-4668-BE54-9A1E7A4F7556}") = "Migrator", "Migrator\Migrator.csproj", "{3E2C72E5-D3EA-41E6-A1AE-93BF44BAB78E}"
EndProject
Project("{2150E333-8FDC-42A3-9474-1A3956D46DE8}") = "src", "src", "{33B97CE9-0B6B-4AFF-95A9-C0B74CF198C3}"
EndProject
Project("{2150E333-8FDC-42A3-9474-1A3956D46DE8}") = "tests", "tests", "{665C0739-BE44-4A78-8AE1-DF7AA765781E}"
EndProject
Project("{9A19103F-16F7-4668-BE54-9A1E7A4F7556}") = "ApiTests", "ApiTests\ApiTests.csproj", "{4D874E12-E413-4240-AB64-1D9BA85D314B}"
EndProject
Project("{2150E333-8FDC-42A3-9474-1A3956D46DE8}") = "Shared", "Shared", "{FF4ACB78-B3BA-48B9-A513-8C9F0F831535}"
EndProject
Project("{9A19103F-16F7-4668-BE54-9A1E7A4F7556}") = "Shared.Model", "Shared.Model\Shared.Model.csproj", "{DBE164FC-4837-4B4B-B6BB-D9040BEFCB2E}"
EndProject
Project("{9A19103F-16F7-4668-BE54-9A1E7A4F7556}") = "Shared.RestClient", "Shared.RestClient\Shared.RestClient.csproj", "{A34500F9-DAFA-41FB-A22E-C52E430236D1}"
EndProject
Global
	GlobalSection(SolutionConfigurationPlatforms) = preSolution
		Debug|Any CPU = Debug|Any CPU
		Release|Any CPU = Release|Any CPU
	EndGlobalSection
	GlobalSection(ProjectConfigurationPlatforms) = postSolution
		{077698D6-F325-43D4-9C32-6D5F87283C33}.Debug|Any CPU.ActiveCfg = Debug|Any CPU
		{077698D6-F325-43D4-9C32-6D5F87283C33}.Debug|Any CPU.Build.0 = Debug|Any CPU
		{077698D6-F325-43D4-9C32-6D5F87283C33}.Release|Any CPU.ActiveCfg = Release|Any CPU
		{077698D6-F325-43D4-9C32-6D5F87283C33}.Release|Any CPU.Build.0 = Release|Any CPU
		{7721DC61-0D5F-4443-BF29-D6A771F30CD3}.Debug|Any CPU.ActiveCfg = Debug|Any CPU
		{7721DC61-0D5F-4443-BF29-D6A771F30CD3}.Debug|Any CPU.Build.0 = Debug|Any CPU
		{7721DC61-0D5F-4443-BF29-D6A771F30CD3}.Release|Any CPU.ActiveCfg = Release|Any CPU
		{7721DC61-0D5F-4443-BF29-D6A771F30CD3}.Release|Any CPU.Build.0 = Release|Any CPU
		{71FEC0EE-7171-4339-8A74-DE2ECAB57AD4}.Debug|Any CPU.ActiveCfg = Debug|Any CPU
		{71FEC0EE-7171-4339-8A74-DE2ECAB57AD4}.Debug|Any CPU.Build.0 = Debug|Any CPU
		{71FEC0EE-7171-4339-8A74-DE2ECAB57AD4}.Release|Any CPU.ActiveCfg = Release|Any CPU
		{71FEC0EE-7171-4339-8A74-DE2ECAB57AD4}.Release|Any CPU.Build.0 = Release|Any CPU
		{87C2892D-87DA-489E-8F01-050CAB2FAAD4}.Debug|Any CPU.ActiveCfg = Debug|Any CPU
		{87C2892D-87DA-489E-8F01-050CAB2FAAD4}.Debug|Any CPU.Build.0 = Debug|Any CPU
		{87C2892D-87DA-489E-8F01-050CAB2FAAD4}.Release|Any CPU.ActiveCfg = Release|Any CPU
		{87C2892D-87DA-489E-8F01-050CAB2FAAD4}.Release|Any CPU.Build.0 = Release|Any CPU
		{3E2C72E5-D3EA-41E6-A1AE-93BF44BAB78E}.Debug|Any CPU.ActiveCfg = Debug|Any CPU
		{3E2C72E5-D3EA-41E6-A1AE-93BF44BAB78E}.Debug|Any CPU.Build.0 = Debug|Any CPU
		{3E2C72E5-D3EA-41E6-A1AE-93BF44BAB78E}.Release|Any CPU.ActiveCfg = Release|Any CPU
		{3E2C72E5-D3EA-41E6-A1AE-93BF44BAB78E}.Release|Any CPU.Build.0 = Release|Any CPU
		{4D874E12-E413-4240-AB64-1D9BA85D314B}.Debug|Any CPU.ActiveCfg = Debug|Any CPU
		{4D874E12-E413-4240-AB64-1D9BA85D314B}.Debug|Any CPU.Build.0 = Debug|Any CPU
		{4D874E12-E413-4240-AB64-1D9BA85D314B}.Release|Any CPU.ActiveCfg = Release|Any CPU
		{4D874E12-E413-4240-AB64-1D9BA85D314B}.Release|Any CPU.Build.0 = Release|Any CPU
		{DBE164FC-4837-4B4B-B6BB-D9040BEFCB2E}.Debug|Any CPU.ActiveCfg = Debug|Any CPU
		{DBE164FC-4837-4B4B-B6BB-D9040BEFCB2E}.Debug|Any CPU.Build.0 = Debug|Any CPU
		{DBE164FC-4837-4B4B-B6BB-D9040BEFCB2E}.Release|Any CPU.ActiveCfg = Release|Any CPU
		{DBE164FC-4837-4B4B-B6BB-D9040BEFCB2E}.Release|Any CPU.Build.0 = Release|Any CPU
		{A34500F9-DAFA-41FB-A22E-C52E430236D1}.Debug|Any CPU.ActiveCfg = Debug|Any CPU
		{A34500F9-DAFA-41FB-A22E-C52E430236D1}.Debug|Any CPU.Build.0 = Debug|Any CPU
		{A34500F9-DAFA-41FB-A22E-C52E430236D1}.Release|Any CPU.ActiveCfg = Release|Any CPU
		{A34500F9-DAFA-41FB-A22E-C52E430236D1}.Release|Any CPU.Build.0 = Release|Any CPU
	EndGlobalSection
	GlobalSection(SolutionProperties) = preSolution
		HideSolutionNode = FALSE
	EndGlobalSection
	GlobalSection(NestedProjects) = preSolution
		{077698D6-F325-43D4-9C32-6D5F87283C33} = {33B97CE9-0B6B-4AFF-95A9-C0B74CF198C3}
		{7721DC61-0D5F-4443-BF29-D6A771F30CD3} = {33B97CE9-0B6B-4AFF-95A9-C0B74CF198C3}
		{71FEC0EE-7171-4339-8A74-DE2ECAB57AD4} = {33B97CE9-0B6B-4AFF-95A9-C0B74CF198C3}
		{87C2892D-87DA-489E-8F01-050CAB2FAAD4} = {33B97CE9-0B6B-4AFF-95A9-C0B74CF198C3}
		{3E2C72E5-D3EA-41E6-A1AE-93BF44BAB78E} = {33B97CE9-0B6B-4AFF-95A9-C0B74CF198C3}
		{4D874E12-E413-4240-AB64-1D9BA85D314B} = {665C0739-BE44-4A78-8AE1-DF7AA765781E}
		{FF4ACB78-B3BA-48B9-A513-8C9F0F831535} = {33B97CE9-0B6B-4AFF-95A9-C0B74CF198C3}
		{DBE164FC-4837-4B4B-B6BB-D9040BEFCB2E} = {FF4ACB78-B3BA-48B9-A513-8C9F0F831535}
		{A34500F9-DAFA-41FB-A22E-C52E430236D1} = {FF4ACB78-B3BA-48B9-A513-8C9F0F831535}
	EndGlobalSection
	GlobalSection(ExtensibilityGlobals) = postSolution
		SolutionGuid = {78BAD6E5-54E0-40E0-94A2-4D1F4594A2FB}
	EndGlobalSection
EndGlobal
